
Microsoft Visual Studio Solution File, Format Version 12.00
# Visual Studio Version 16
VisualStudioVersion = 16.0.30225.117
MinimumVisualStudioVersion = 10.0.40219.1
Project("{FAE04EC0-301F-11D3-BF4B-00C04F79EFBC}") = "Accident", "Accident\Accident.csproj", "{BB731FF5-704F-4B2C-9067-F1CD8507B6DF}"
EndProject
Global
	GlobalSection(SolutionConfigurationPlatforms) = preSolution
		Debug|Any CPU = Debug|Any CPU
		Release|Any CPU = Release|Any CPU
	EndGlobalSection
	GlobalSection(ProjectConfigurationPlatforms) = postSolution
		{BB731FF5-704F-4B2C-9067-F1CD8507B6DF}.Debug|Any CPU.ActiveCfg = Debug|Any CPU
		{BB731FF5-704F-4B2C-9067-F1CD8507B6DF}.Debug|Any CPU.Build.0 = Debug|Any CPU
		{BB731FF5-704F-4B2C-9067-F1CD8507B6DF}.Release|Any CPU.ActiveCfg = Release|Any CPU
		{BB731FF5-704F-4B2C-9067-F1CD8507B6DF}.Release|Any CPU.Build.0 = Release|Any CPU
	EndGlobalSection
	GlobalSection(SolutionProperties) = preSolution
		HideSolutionNode = FALSE
	EndGlobalSection
	GlobalSection(ExtensibilityGlobals) = postSolution
		SolutionGuid = {FE4CEEDD-0A87-4A5E-B699-83590CE650AC}
	EndGlobalSection
EndGlobal
