
Microsoft Visual Studio Solution File, Format Version 12.00
# Visual Studio Version 16
VisualStudioVersion = 16.0.30225.117
MinimumVisualStudioVersion = 10.0.40219.1
Project("{FAE04EC0-301F-11D3-BF4B-00C04F79EFBC}") = "HelloApp", "HelloApp\HelloApp.csproj", "{B3D54A55-4920-42D9-AA41-948D28970FDE}"
EndProject
Project("{FAE04EC0-301F-11D3-BF4B-00C04F79EFBC}") = "integerType", "integerType\integerType.csproj", "{C1D69084-3F13-44E3-B3CC-21FEA7DE7FDC}"
EndProject
Project("{FAE04EC0-301F-11D3-BF4B-00C04F79EFBC}") = "Boxing_Unboxing", "Boxing_Unboxing\Boxing_Unboxing.csproj", "{025B0D7D-6940-4293-A932-C10D10B49066}"
EndProject
Project("{FAE04EC0-301F-11D3-BF4B-00C04F79EFBC}") = "IntegralConversion", "IntegralConversion\IntegralConversion.csproj", "{F5497C22-81E4-46CA-9F1C-5DC26C147A8E}"
EndProject
Project("{FAE04EC0-301F-11D3-BF4B-00C04F79EFBC}") = "StringNumberConverion", "StringNumberConverion\StringNumberConverion.csproj", "{5C9B7EE8-A480-43DA-9B54-7F3AB8ABE324}"
EndProject
Project("{FAE04EC0-301F-11D3-BF4B-00C04F79EFBC}") = "EnumApp", "EnumApp\EnumApp.csproj", "{1104C327-4A48-4CFC-8E43-D22D279552CE}"
EndProject
Project("{FAE04EC0-301F-11D3-BF4B-00C04F79EFBC}") = "NullableApp", "NullableApp\NullableApp.csproj", "{34A3FAA0-5076-4B0D-BE28-0F9A90874A15}"
EndProject
Project("{2150E333-8FDC-42A3-9474-1A3956D46DE8}") = "Appendix A", "Appendix A", "{D8BB9C90-BAF7-4072-ADB6-7EA21AEC860C}"
EndProject
Project("{FAE04EC0-301F-11D3-BF4B-00C04F79EFBC}") = "StringSearchApp", "StringSearchApp\StringSearchApp.csproj", "{52D4D4BC-B46F-417E-BC20-184B8B61DBDF}"
EndProject
Project("{2150E333-8FDC-42A3-9474-1A3956D46DE8}") = "Chap05", "Chap05", "{B92880E6-AD19-462E-9BAB-5C5027C806B8}"
EndProject
Project("{FAE04EC0-301F-11D3-BF4B-00C04F79EFBC}") = "IfElseApp", "IfElseApp\IfElseApp.csproj", "{4782E3FA-5FA6-4032-A1FA-B4AD26C0EC91}"
EndProject
Project("{FAE04EC0-301F-11D3-BF4B-00C04F79EFBC}") = "SwitchApp", "SwitchApp\SwitchApp.csproj", "{D74B5EE0-3AD1-4FC8-A7D0-FE8EE9E2C933}"
EndProject
Project("{2150E333-8FDC-42A3-9474-1A3956D46DE8}") = "Chap01-03", "Chap01-03", "{26F3F85F-7C9D-42E9-8D10-F3ADC469344B}"
EndProject
Project("{FAE04EC0-301F-11D3-BF4B-00C04F79EFBC}") = "WhileApp", "WhileApp\WhileApp.csproj", "{DCCFC657-B36F-48B8-9F0B-AD2B91CF3189}"
EndProject
Project("{2150E333-8FDC-42A3-9474-1A3956D46DE8}") = "Chap06", "Chap06", "{272F8122-6EC5-4C5A-AB54-F067EA46819C}"
EndProject
Project("{FAE04EC0-301F-11D3-BF4B-00C04F79EFBC}") = "SwapByValue", "SwapByValue\SwapByValue.csproj", "{DA3634B6-85D5-4578-B77D-C03D8D6D1E21}"
EndProject
Project("{FAE04EC0-301F-11D3-BF4B-00C04F79EFBC}") = "RefReturn", "RefReturn\RefReturn.csproj", "{BB91363D-6F82-4618-9C1A-CCF23936E983}"
EndProject
Project("{FAE04EC0-301F-11D3-BF4B-00C04F79EFBC}") = "UsingOut", "UsingOut\UsingOut.csproj", "{9C7C63FD-F571-4D4D-8088-F3B6E778DF63}"
EndProject
Project("{FAE04EC0-301F-11D3-BF4B-00C04F79EFBC}") = "Overloading", "Overloading\Overloading.csproj", "{B4504605-716C-47B4-9172-46A797E4CFB5}"
EndProject
Project("{FAE04EC0-301F-11D3-BF4B-00C04F79EFBC}") = "LocalFunction", "LocalFunction\LocalFunction.csproj", "{0D22EB27-3324-4A4C-8096-9A5B2D8199E8}"
EndProject
Project("{2150E333-8FDC-42A3-9474-1A3956D46DE8}") = "Chap07", "Chap07", "{3D865805-B2DF-4ADE-9D28-12FF9C818AE5}"
EndProject
Project("{FAE04EC0-301F-11D3-BF4B-00C04F79EFBC}") = "BasicClass", "BasicClass\BasicClass.csproj", "{F9E5C600-54C7-4EC0-8535-B1F9E340D7A2}"
EndProject
Project("{FAE04EC0-301F-11D3-BF4B-00C04F79EFBC}") = "StaticFeild", "StaticFeild\StaticFeild.csproj", "{E46192E7-7FD6-407B-8234-BEF3FFC3CAB5}"
EndProject
Project("{FAE04EC0-301F-11D3-BF4B-00C04F79EFBC}") = "DeepCopy", "DeepCopy\DeepCopy.csproj", "{8C4C6634-370B-4C2D-B0E0-079206EE446A}"
EndProject
Project("{FAE04EC0-301F-11D3-BF4B-00C04F79EFBC}") = "AccessModifier", "AccessModifier\AccessModifier.csproj", "{2A4E111C-8458-4058-8475-BADF73F4A40E}"
EndProject
Project("{FAE04EC0-301F-11D3-BF4B-00C04F79EFBC}") = "Inheritance", "Inheritance\Inheritance.csproj", "{D87337C3-9822-4628-85B7-BE39A5812EA6}"
EndProject
Project("{FAE04EC0-301F-11D3-BF4B-00C04F79EFBC}") = "ClassTypeCasting", "ClassTypeCasting\ClassTypeCasting.csproj", "{753E247C-1CE9-49C4-8610-62D82132DEEF}"
EndProject
Project("{FAE04EC0-301F-11D3-BF4B-00C04F79EFBC}") = "Overriding", "Overriding\Overriding.csproj", "{D3F2F07D-91C3-46B1-98FB-162927FD813D}"
EndProject
Project("{FAE04EC0-301F-11D3-BF4B-00C04F79EFBC}") = "NestedClass", "NestedClass\NestedClass.csproj", "{50995CA9-6AD2-4F6A-9B07-BB7503F082E6}"
EndProject
Project("{FAE04EC0-301F-11D3-BF4B-00C04F79EFBC}") = "ExtensionMethod", "ExtensionMethod\ExtensionMethod.csproj", "{B1774C87-0728-4B80-B665-94167DEC50FC}"
EndProject
Project("{FAE04EC0-301F-11D3-BF4B-00C04F79EFBC}") = "Structure", "Structure\Structure.csproj", "{68BDC045-7AC9-43BE-BF74-112DC98560B6}"
EndProject
Project("{FAE04EC0-301F-11D3-BF4B-00C04F79EFBC}") = "Tuple", "Tuple\Tuple.csproj", "{249F223A-F9E9-40DE-B54C-5A00A8B3AAC6}"
EndProject
Project("{2150E333-8FDC-42A3-9474-1A3956D46DE8}") = "Chap08", "Chap08", "{8D06B93D-F9D2-4C5A-87B9-86ADFE1936EA}"
EndProject
Project("{FAE04EC0-301F-11D3-BF4B-00C04F79EFBC}") = "Interface", "Interface\Interface.csproj", "{1CE16158-1AD7-45C7-9B3A-763230582879}"
EndProject
Project("{FAE04EC0-301F-11D3-BF4B-00C04F79EFBC}") = "MultiInfInheritance", "MultiInfInheritance\MultiInfInheritance.csproj", "{1605B5AE-67C7-446C-91B2-00DD7476F73A}"
EndProject
Project("{FAE04EC0-301F-11D3-BF4B-00C04F79EFBC}") = "AbstractClass", "AbstractClass\AbstractClass.csproj", "{0F831A09-72CC-4BCA-8164-BD1151FEAC0A}"
EndProject
Project("{2150E333-8FDC-42A3-9474-1A3956D46DE8}") = "Chap09", "Chap09", "{C56036C8-E141-47F2-9DE5-544C7DF98706}"
EndProject
Project("{FAE04EC0-301F-11D3-BF4B-00C04F79EFBC}") = "Property", "Property\Property.csproj", "{45210DCB-E3FE-4059-AD82-5C1352C3B465}"
EndProject
Project("{FAE04EC0-301F-11D3-BF4B-00C04F79EFBC}") = "PropertyInterface", "PropertyInterface\PropertyInterface.csproj", "{EDB2C794-81A9-4D01-AC47-03866BC25839}"
EndProject
Project("{2150E333-8FDC-42A3-9474-1A3956D46DE8}") = "Chap10", "Chap10", "{64A21895-8A06-4633-AA5F-73B2734F9FBC}"
EndProject
Project("{FAE04EC0-301F-11D3-BF4B-00C04F79EFBC}") = "UsingArrayList", "UsingArrayList\UsingArrayList.csproj", "{79336C29-C305-49D0-B1F3-459DC72BF286}"
EndProject
Project("{FAE04EC0-301F-11D3-BF4B-00C04F79EFBC}") = "UsingHashTable", "UsingHashTable\UsingHashTable.csproj", "{BE6FB676-5A74-41C8-90BD-BC9677CEBB95}"
EndProject
Project("{FAE04EC0-301F-11D3-BF4B-00C04F79EFBC}") = "UsingIndexer", "UsingIndexer\UsingIndexer.csproj", "{8ADFC7CD-13D7-4A3D-8F15-787AAEA81AE8}"
EndProject
Project("{FAE04EC0-301F-11D3-BF4B-00C04F79EFBC}") = "UsingYield", "UsingYield\UsingYield.csproj", "{B85DC92F-5ED2-4585-B23E-AF7F6FE89FEA}"
EndProject
Project("{FAE04EC0-301F-11D3-BF4B-00C04F79EFBC}") = "UsingEnumerable", "UsingEnumerable\UsingEnumerable.csproj", "{677339F7-EF0A-4286-8EBA-E7B444737923}"
EndProject
Project("{2150E333-8FDC-42A3-9474-1A3956D46DE8}") = "Chap11", "Chap11", "{DB5479B4-B507-40FB-9A97-0FC0EFDEA597}"
EndProject
Project("{FAE04EC0-301F-11D3-BF4B-00C04F79EFBC}") = "CopyingArray", "CopyingArray\CopyingArray.csproj", "{A1257C03-44F5-4592-BAD6-E7DB390DC4FE}"
EndProject
Project("{FAE04EC0-301F-11D3-BF4B-00C04F79EFBC}") = "UsingGenericClass", "UsingGenericClass\UsingGenericClass.csproj", "{14A83095-C8AA-4363-8548-D988F8A65761}"
EndProject
Project("{FAE04EC0-301F-11D3-BF4B-00C04F79EFBC}") = "ConstraintsOnTypeParameters", "ConstraintsOnTypeParameters\ConstraintsOnTypeParameters.csproj", "{DEB10E72-B2AD-4537-8F2E-896E760DE022}"
EndProject
Project("{FAE04EC0-301F-11D3-BF4B-00C04F79EFBC}") = "UsingGenericList", "UsingGenericList\UsingGenericList.csproj", "{9E1969FB-ED2C-4C4A-B3F4-3B4947AAA649}"
EndProject
Project("{FAE04EC0-301F-11D3-BF4B-00C04F79EFBC}") = "UsingGenericEnumerable", "UsingGenericEnumerable\UsingGenericEnumerable.csproj", "{F609E09F-263A-4B9A-8164-07CB5AE5935E}"
EndProject
Project("{2150E333-8FDC-42A3-9474-1A3956D46DE8}") = "Chap12", "Chap12", "{39A654D6-3767-4F88-A223-BD8917E700DC}"
EndProject
Project("{FAE04EC0-301F-11D3-BF4B-00C04F79EFBC}") = "KillingProgram", "KillingProgram\KillingProgram.csproj", "{2751133C-CB80-4D26-911F-BA88ECE85D8B}"
EndProject
Project("{FAE04EC0-301F-11D3-BF4B-00C04F79EFBC}") = "Killing", "Killing\Killing.csproj", "{5682299E-6C80-47DA-80AC-DF7956150746}"
EndProject
Project("{FAE04EC0-301F-11D3-BF4B-00C04F79EFBC}") = "UsingThrow", "UsingThrow\UsingThrow.csproj", "{E5512199-592F-4617-BD79-2C20BA000835}"
EndProject
Project("{FAE04EC0-301F-11D3-BF4B-00C04F79EFBC}") = "CustomerException", "CustomerException\CustomerException.csproj", "{80AE0D2B-66C5-48BA-9507-29848D64FB55}"
EndProject
Project("{2150E333-8FDC-42A3-9474-1A3956D46DE8}") = "Chap13", "Chap13", "{51801FED-99B1-401F-BFC9-F9C8CD7186FE}"
EndProject
Project("{FAE04EC0-301F-11D3-BF4B-00C04F79EFBC}") = "UsingDelegate", "UsingDelegate\UsingDelegate.csproj", "{80DA2115-220B-48E8-845A-D962368B184D}"
EndProject
Project("{FAE04EC0-301F-11D3-BF4B-00C04F79EFBC}") = "usingCallback", "usingCallback\usingCallback.csproj", "{82628367-FE79-4A65-8189-7DD8C584BE12}"
EndProject
Project("{FAE04EC0-301F-11D3-BF4B-00C04F79EFBC}") = "DelegateChain", "DelegateChains\DelegateChain.csproj", "{077F1ABA-5678-4D3A-B0D8-F28B3BABE6C4}"
EndProject
Project("{FAE04EC0-301F-11D3-BF4B-00C04F79EFBC}") = "UsingAnnonymousMethod", "UsingAnnonymousMethod\UsingAnnonymousMethod.csproj", "{FF40A36C-0FD8-4D92-9A17-8A25FBC8B56A}"
EndProject
Project("{FAE04EC0-301F-11D3-BF4B-00C04F79EFBC}") = "UsingEvent", "UsingEvent\UsingEvent.csproj", "{7BD1D150-9FB7-45A4-B905-E38E3B33E222}"
EndProject
Project("{FAE04EC0-301F-11D3-BF4B-00C04F79EFBC}") = "winform", "winform\winform.csproj", "{F91761E2-27EC-4B57-9163-12346F9DD884}"
EndProject
Project("{2150E333-8FDC-42A3-9474-1A3956D46DE8}") = "Chap14", "Chap14", "{EA1E255D-3BAF-4C33-BCE6-54D489D0AF1E}"
EndProject
Project("{FAE04EC0-301F-11D3-BF4B-00C04F79EFBC}") = "SimpleLambda", "SimpleLambda\SimpleLambda.csproj", "{EB6B92E4-B6AD-4858-B02B-2637ED3A6A49}"
EndProject
Project("{FAE04EC0-301F-11D3-BF4B-00C04F79EFBC}") = "UsingFunc", "UsingFunc\UsingFunc.csproj", "{C37430CB-CD6F-48CF-A94A-CF3A5569F189}"
EndProject
Project("{FAE04EC0-301F-11D3-BF4B-00C04F79EFBC}") = "LamdaExMember", "LamdaExMember\LamdaExMember.csproj", "{FF830005-6E21-4464-806C-11B0C8800E37}"
EndProject
Project("{2150E333-8FDC-42A3-9474-1A3956D46DE8}") = "Chap15", "Chap15", "{7BC9880E-FBAE-4EC2-BA75-AE8761BE4A35}"
EndProject
Project("{FAE04EC0-301F-11D3-BF4B-00C04F79EFBC}") = "UsingFrom", "UsingFrom\UsingFrom.csproj", "{E1E2984C-2950-433E-A905-95DA3634443C}"
EndProject
Global
	GlobalSection(SolutionConfigurationPlatforms) = preSolution
		Debug|Any CPU = Debug|Any CPU
		Release|Any CPU = Release|Any CPU
	EndGlobalSection
	GlobalSection(ProjectConfigurationPlatforms) = postSolution
		{B3D54A55-4920-42D9-AA41-948D28970FDE}.Debug|Any CPU.ActiveCfg = Debug|Any CPU
		{B3D54A55-4920-42D9-AA41-948D28970FDE}.Debug|Any CPU.Build.0 = Debug|Any CPU
		{B3D54A55-4920-42D9-AA41-948D28970FDE}.Release|Any CPU.ActiveCfg = Release|Any CPU
		{B3D54A55-4920-42D9-AA41-948D28970FDE}.Release|Any CPU.Build.0 = Release|Any CPU
		{C1D69084-3F13-44E3-B3CC-21FEA7DE7FDC}.Debug|Any CPU.ActiveCfg = Debug|Any CPU
		{C1D69084-3F13-44E3-B3CC-21FEA7DE7FDC}.Debug|Any CPU.Build.0 = Debug|Any CPU
		{C1D69084-3F13-44E3-B3CC-21FEA7DE7FDC}.Release|Any CPU.ActiveCfg = Release|Any CPU
		{C1D69084-3F13-44E3-B3CC-21FEA7DE7FDC}.Release|Any CPU.Build.0 = Release|Any CPU
		{025B0D7D-6940-4293-A932-C10D10B49066}.Debug|Any CPU.ActiveCfg = Debug|Any CPU
		{025B0D7D-6940-4293-A932-C10D10B49066}.Debug|Any CPU.Build.0 = Debug|Any CPU
		{025B0D7D-6940-4293-A932-C10D10B49066}.Release|Any CPU.ActiveCfg = Release|Any CPU
		{025B0D7D-6940-4293-A932-C10D10B49066}.Release|Any CPU.Build.0 = Release|Any CPU
		{F5497C22-81E4-46CA-9F1C-5DC26C147A8E}.Debug|Any CPU.ActiveCfg = Debug|Any CPU
		{F5497C22-81E4-46CA-9F1C-5DC26C147A8E}.Debug|Any CPU.Build.0 = Debug|Any CPU
		{F5497C22-81E4-46CA-9F1C-5DC26C147A8E}.Release|Any CPU.ActiveCfg = Release|Any CPU
		{F5497C22-81E4-46CA-9F1C-5DC26C147A8E}.Release|Any CPU.Build.0 = Release|Any CPU
		{5C9B7EE8-A480-43DA-9B54-7F3AB8ABE324}.Debug|Any CPU.ActiveCfg = Debug|Any CPU
		{5C9B7EE8-A480-43DA-9B54-7F3AB8ABE324}.Debug|Any CPU.Build.0 = Debug|Any CPU
		{5C9B7EE8-A480-43DA-9B54-7F3AB8ABE324}.Release|Any CPU.ActiveCfg = Release|Any CPU
		{5C9B7EE8-A480-43DA-9B54-7F3AB8ABE324}.Release|Any CPU.Build.0 = Release|Any CPU
		{1104C327-4A48-4CFC-8E43-D22D279552CE}.Debug|Any CPU.ActiveCfg = Debug|Any CPU
		{1104C327-4A48-4CFC-8E43-D22D279552CE}.Debug|Any CPU.Build.0 = Debug|Any CPU
		{1104C327-4A48-4CFC-8E43-D22D279552CE}.Release|Any CPU.ActiveCfg = Release|Any CPU
		{1104C327-4A48-4CFC-8E43-D22D279552CE}.Release|Any CPU.Build.0 = Release|Any CPU
		{34A3FAA0-5076-4B0D-BE28-0F9A90874A15}.Debug|Any CPU.ActiveCfg = Debug|Any CPU
		{34A3FAA0-5076-4B0D-BE28-0F9A90874A15}.Debug|Any CPU.Build.0 = Debug|Any CPU
		{34A3FAA0-5076-4B0D-BE28-0F9A90874A15}.Release|Any CPU.ActiveCfg = Release|Any CPU
		{34A3FAA0-5076-4B0D-BE28-0F9A90874A15}.Release|Any CPU.Build.0 = Release|Any CPU
		{52D4D4BC-B46F-417E-BC20-184B8B61DBDF}.Debug|Any CPU.ActiveCfg = Debug|Any CPU
		{52D4D4BC-B46F-417E-BC20-184B8B61DBDF}.Debug|Any CPU.Build.0 = Debug|Any CPU
		{52D4D4BC-B46F-417E-BC20-184B8B61DBDF}.Release|Any CPU.ActiveCfg = Release|Any CPU
		{52D4D4BC-B46F-417E-BC20-184B8B61DBDF}.Release|Any CPU.Build.0 = Release|Any CPU
		{4782E3FA-5FA6-4032-A1FA-B4AD26C0EC91}.Debug|Any CPU.ActiveCfg = Debug|Any CPU
		{4782E3FA-5FA6-4032-A1FA-B4AD26C0EC91}.Debug|Any CPU.Build.0 = Debug|Any CPU
		{4782E3FA-5FA6-4032-A1FA-B4AD26C0EC91}.Release|Any CPU.ActiveCfg = Release|Any CPU
		{4782E3FA-5FA6-4032-A1FA-B4AD26C0EC91}.Release|Any CPU.Build.0 = Release|Any CPU
		{D74B5EE0-3AD1-4FC8-A7D0-FE8EE9E2C933}.Debug|Any CPU.ActiveCfg = Debug|Any CPU
		{D74B5EE0-3AD1-4FC8-A7D0-FE8EE9E2C933}.Debug|Any CPU.Build.0 = Debug|Any CPU
		{D74B5EE0-3AD1-4FC8-A7D0-FE8EE9E2C933}.Release|Any CPU.ActiveCfg = Release|Any CPU
		{D74B5EE0-3AD1-4FC8-A7D0-FE8EE9E2C933}.Release|Any CPU.Build.0 = Release|Any CPU
		{DCCFC657-B36F-48B8-9F0B-AD2B91CF3189}.Debug|Any CPU.ActiveCfg = Debug|Any CPU
		{DCCFC657-B36F-48B8-9F0B-AD2B91CF3189}.Debug|Any CPU.Build.0 = Debug|Any CPU
		{DCCFC657-B36F-48B8-9F0B-AD2B91CF3189}.Release|Any CPU.ActiveCfg = Release|Any CPU
		{DCCFC657-B36F-48B8-9F0B-AD2B91CF3189}.Release|Any CPU.Build.0 = Release|Any CPU
		{DA3634B6-85D5-4578-B77D-C03D8D6D1E21}.Debug|Any CPU.ActiveCfg = Debug|Any CPU
		{DA3634B6-85D5-4578-B77D-C03D8D6D1E21}.Debug|Any CPU.Build.0 = Debug|Any CPU
		{DA3634B6-85D5-4578-B77D-C03D8D6D1E21}.Release|Any CPU.ActiveCfg = Release|Any CPU
		{DA3634B6-85D5-4578-B77D-C03D8D6D1E21}.Release|Any CPU.Build.0 = Release|Any CPU
		{BB91363D-6F82-4618-9C1A-CCF23936E983}.Debug|Any CPU.ActiveCfg = Debug|Any CPU
		{BB91363D-6F82-4618-9C1A-CCF23936E983}.Debug|Any CPU.Build.0 = Debug|Any CPU
		{BB91363D-6F82-4618-9C1A-CCF23936E983}.Release|Any CPU.ActiveCfg = Release|Any CPU
		{BB91363D-6F82-4618-9C1A-CCF23936E983}.Release|Any CPU.Build.0 = Release|Any CPU
		{9C7C63FD-F571-4D4D-8088-F3B6E778DF63}.Debug|Any CPU.ActiveCfg = Debug|Any CPU
		{9C7C63FD-F571-4D4D-8088-F3B6E778DF63}.Debug|Any CPU.Build.0 = Debug|Any CPU
		{9C7C63FD-F571-4D4D-8088-F3B6E778DF63}.Release|Any CPU.ActiveCfg = Release|Any CPU
		{9C7C63FD-F571-4D4D-8088-F3B6E778DF63}.Release|Any CPU.Build.0 = Release|Any CPU
		{B4504605-716C-47B4-9172-46A797E4CFB5}.Debug|Any CPU.ActiveCfg = Debug|Any CPU
		{B4504605-716C-47B4-9172-46A797E4CFB5}.Debug|Any CPU.Build.0 = Debug|Any CPU
		{B4504605-716C-47B4-9172-46A797E4CFB5}.Release|Any CPU.ActiveCfg = Release|Any CPU
		{B4504605-716C-47B4-9172-46A797E4CFB5}.Release|Any CPU.Build.0 = Release|Any CPU
		{0D22EB27-3324-4A4C-8096-9A5B2D8199E8}.Debug|Any CPU.ActiveCfg = Debug|Any CPU
		{0D22EB27-3324-4A4C-8096-9A5B2D8199E8}.Debug|Any CPU.Build.0 = Debug|Any CPU
		{0D22EB27-3324-4A4C-8096-9A5B2D8199E8}.Release|Any CPU.ActiveCfg = Release|Any CPU
		{0D22EB27-3324-4A4C-8096-9A5B2D8199E8}.Release|Any CPU.Build.0 = Release|Any CPU
		{F9E5C600-54C7-4EC0-8535-B1F9E340D7A2}.Debug|Any CPU.ActiveCfg = Debug|Any CPU
		{F9E5C600-54C7-4EC0-8535-B1F9E340D7A2}.Debug|Any CPU.Build.0 = Debug|Any CPU
		{F9E5C600-54C7-4EC0-8535-B1F9E340D7A2}.Release|Any CPU.ActiveCfg = Release|Any CPU
		{F9E5C600-54C7-4EC0-8535-B1F9E340D7A2}.Release|Any CPU.Build.0 = Release|Any CPU
		{E46192E7-7FD6-407B-8234-BEF3FFC3CAB5}.Debug|Any CPU.ActiveCfg = Debug|Any CPU
		{E46192E7-7FD6-407B-8234-BEF3FFC3CAB5}.Debug|Any CPU.Build.0 = Debug|Any CPU
		{E46192E7-7FD6-407B-8234-BEF3FFC3CAB5}.Release|Any CPU.ActiveCfg = Release|Any CPU
		{E46192E7-7FD6-407B-8234-BEF3FFC3CAB5}.Release|Any CPU.Build.0 = Release|Any CPU
		{8C4C6634-370B-4C2D-B0E0-079206EE446A}.Debug|Any CPU.ActiveCfg = Debug|Any CPU
		{8C4C6634-370B-4C2D-B0E0-079206EE446A}.Debug|Any CPU.Build.0 = Debug|Any CPU
		{8C4C6634-370B-4C2D-B0E0-079206EE446A}.Release|Any CPU.ActiveCfg = Release|Any CPU
		{8C4C6634-370B-4C2D-B0E0-079206EE446A}.Release|Any CPU.Build.0 = Release|Any CPU
		{2A4E111C-8458-4058-8475-BADF73F4A40E}.Debug|Any CPU.ActiveCfg = Debug|Any CPU
		{2A4E111C-8458-4058-8475-BADF73F4A40E}.Debug|Any CPU.Build.0 = Debug|Any CPU
		{2A4E111C-8458-4058-8475-BADF73F4A40E}.Release|Any CPU.ActiveCfg = Release|Any CPU
		{2A4E111C-8458-4058-8475-BADF73F4A40E}.Release|Any CPU.Build.0 = Release|Any CPU
		{D87337C3-9822-4628-85B7-BE39A5812EA6}.Debug|Any CPU.ActiveCfg = Debug|Any CPU
		{D87337C3-9822-4628-85B7-BE39A5812EA6}.Debug|Any CPU.Build.0 = Debug|Any CPU
		{D87337C3-9822-4628-85B7-BE39A5812EA6}.Release|Any CPU.ActiveCfg = Release|Any CPU
		{D87337C3-9822-4628-85B7-BE39A5812EA6}.Release|Any CPU.Build.0 = Release|Any CPU
		{753E247C-1CE9-49C4-8610-62D82132DEEF}.Debug|Any CPU.ActiveCfg = Debug|Any CPU
		{753E247C-1CE9-49C4-8610-62D82132DEEF}.Debug|Any CPU.Build.0 = Debug|Any CPU
		{753E247C-1CE9-49C4-8610-62D82132DEEF}.Release|Any CPU.ActiveCfg = Release|Any CPU
		{753E247C-1CE9-49C4-8610-62D82132DEEF}.Release|Any CPU.Build.0 = Release|Any CPU
		{D3F2F07D-91C3-46B1-98FB-162927FD813D}.Debug|Any CPU.ActiveCfg = Debug|Any CPU
		{D3F2F07D-91C3-46B1-98FB-162927FD813D}.Debug|Any CPU.Build.0 = Debug|Any CPU
		{D3F2F07D-91C3-46B1-98FB-162927FD813D}.Release|Any CPU.ActiveCfg = Release|Any CPU
		{D3F2F07D-91C3-46B1-98FB-162927FD813D}.Release|Any CPU.Build.0 = Release|Any CPU
		{50995CA9-6AD2-4F6A-9B07-BB7503F082E6}.Debug|Any CPU.ActiveCfg = Debug|Any CPU
		{50995CA9-6AD2-4F6A-9B07-BB7503F082E6}.Debug|Any CPU.Build.0 = Debug|Any CPU
		{50995CA9-6AD2-4F6A-9B07-BB7503F082E6}.Release|Any CPU.ActiveCfg = Release|Any CPU
		{50995CA9-6AD2-4F6A-9B07-BB7503F082E6}.Release|Any CPU.Build.0 = Release|Any CPU
		{B1774C87-0728-4B80-B665-94167DEC50FC}.Debug|Any CPU.ActiveCfg = Debug|Any CPU
		{B1774C87-0728-4B80-B665-94167DEC50FC}.Debug|Any CPU.Build.0 = Debug|Any CPU
		{B1774C87-0728-4B80-B665-94167DEC50FC}.Release|Any CPU.ActiveCfg = Release|Any CPU
		{B1774C87-0728-4B80-B665-94167DEC50FC}.Release|Any CPU.Build.0 = Release|Any CPU
		{68BDC045-7AC9-43BE-BF74-112DC98560B6}.Debug|Any CPU.ActiveCfg = Debug|Any CPU
		{68BDC045-7AC9-43BE-BF74-112DC98560B6}.Debug|Any CPU.Build.0 = Debug|Any CPU
		{68BDC045-7AC9-43BE-BF74-112DC98560B6}.Release|Any CPU.ActiveCfg = Release|Any CPU
		{68BDC045-7AC9-43BE-BF74-112DC98560B6}.Release|Any CPU.Build.0 = Release|Any CPU
		{249F223A-F9E9-40DE-B54C-5A00A8B3AAC6}.Debug|Any CPU.ActiveCfg = Debug|Any CPU
		{249F223A-F9E9-40DE-B54C-5A00A8B3AAC6}.Debug|Any CPU.Build.0 = Debug|Any CPU
		{249F223A-F9E9-40DE-B54C-5A00A8B3AAC6}.Release|Any CPU.ActiveCfg = Release|Any CPU
		{249F223A-F9E9-40DE-B54C-5A00A8B3AAC6}.Release|Any CPU.Build.0 = Release|Any CPU
		{1CE16158-1AD7-45C7-9B3A-763230582879}.Debug|Any CPU.ActiveCfg = Debug|Any CPU
		{1CE16158-1AD7-45C7-9B3A-763230582879}.Debug|Any CPU.Build.0 = Debug|Any CPU
		{1CE16158-1AD7-45C7-9B3A-763230582879}.Release|Any CPU.ActiveCfg = Release|Any CPU
		{1CE16158-1AD7-45C7-9B3A-763230582879}.Release|Any CPU.Build.0 = Release|Any CPU
		{1605B5AE-67C7-446C-91B2-00DD7476F73A}.Debug|Any CPU.ActiveCfg = Debug|Any CPU
		{1605B5AE-67C7-446C-91B2-00DD7476F73A}.Debug|Any CPU.Build.0 = Debug|Any CPU
		{1605B5AE-67C7-446C-91B2-00DD7476F73A}.Release|Any CPU.ActiveCfg = Release|Any CPU
		{1605B5AE-67C7-446C-91B2-00DD7476F73A}.Release|Any CPU.Build.0 = Release|Any CPU
		{0F831A09-72CC-4BCA-8164-BD1151FEAC0A}.Debug|Any CPU.ActiveCfg = Debug|Any CPU
		{0F831A09-72CC-4BCA-8164-BD1151FEAC0A}.Debug|Any CPU.Build.0 = Debug|Any CPU
		{0F831A09-72CC-4BCA-8164-BD1151FEAC0A}.Release|Any CPU.ActiveCfg = Release|Any CPU
		{0F831A09-72CC-4BCA-8164-BD1151FEAC0A}.Release|Any CPU.Build.0 = Release|Any CPU
		{45210DCB-E3FE-4059-AD82-5C1352C3B465}.Debug|Any CPU.ActiveCfg = Debug|Any CPU
		{45210DCB-E3FE-4059-AD82-5C1352C3B465}.Debug|Any CPU.Build.0 = Debug|Any CPU
		{45210DCB-E3FE-4059-AD82-5C1352C3B465}.Release|Any CPU.ActiveCfg = Release|Any CPU
		{45210DCB-E3FE-4059-AD82-5C1352C3B465}.Release|Any CPU.Build.0 = Release|Any CPU
		{EDB2C794-81A9-4D01-AC47-03866BC25839}.Debug|Any CPU.ActiveCfg = Debug|Any CPU
		{EDB2C794-81A9-4D01-AC47-03866BC25839}.Debug|Any CPU.Build.0 = Debug|Any CPU
		{EDB2C794-81A9-4D01-AC47-03866BC25839}.Release|Any CPU.ActiveCfg = Release|Any CPU
		{EDB2C794-81A9-4D01-AC47-03866BC25839}.Release|Any CPU.Build.0 = Release|Any CPU
		{79336C29-C305-49D0-B1F3-459DC72BF286}.Debug|Any CPU.ActiveCfg = Debug|Any CPU
		{79336C29-C305-49D0-B1F3-459DC72BF286}.Debug|Any CPU.Build.0 = Debug|Any CPU
		{79336C29-C305-49D0-B1F3-459DC72BF286}.Release|Any CPU.ActiveCfg = Release|Any CPU
		{79336C29-C305-49D0-B1F3-459DC72BF286}.Release|Any CPU.Build.0 = Release|Any CPU
		{BE6FB676-5A74-41C8-90BD-BC9677CEBB95}.Debug|Any CPU.ActiveCfg = Debug|Any CPU
		{BE6FB676-5A74-41C8-90BD-BC9677CEBB95}.Debug|Any CPU.Build.0 = Debug|Any CPU
		{BE6FB676-5A74-41C8-90BD-BC9677CEBB95}.Release|Any CPU.ActiveCfg = Release|Any CPU
		{BE6FB676-5A74-41C8-90BD-BC9677CEBB95}.Release|Any CPU.Build.0 = Release|Any CPU
		{8ADFC7CD-13D7-4A3D-8F15-787AAEA81AE8}.Debug|Any CPU.ActiveCfg = Debug|Any CPU
		{8ADFC7CD-13D7-4A3D-8F15-787AAEA81AE8}.Debug|Any CPU.Build.0 = Debug|Any CPU
		{8ADFC7CD-13D7-4A3D-8F15-787AAEA81AE8}.Release|Any CPU.ActiveCfg = Release|Any CPU
		{8ADFC7CD-13D7-4A3D-8F15-787AAEA81AE8}.Release|Any CPU.Build.0 = Release|Any CPU
		{B85DC92F-5ED2-4585-B23E-AF7F6FE89FEA}.Debug|Any CPU.ActiveCfg = Debug|Any CPU
		{B85DC92F-5ED2-4585-B23E-AF7F6FE89FEA}.Debug|Any CPU.Build.0 = Debug|Any CPU
		{B85DC92F-5ED2-4585-B23E-AF7F6FE89FEA}.Release|Any CPU.ActiveCfg = Release|Any CPU
		{B85DC92F-5ED2-4585-B23E-AF7F6FE89FEA}.Release|Any CPU.Build.0 = Release|Any CPU
		{677339F7-EF0A-4286-8EBA-E7B444737923}.Debug|Any CPU.ActiveCfg = Debug|Any CPU
		{677339F7-EF0A-4286-8EBA-E7B444737923}.Debug|Any CPU.Build.0 = Debug|Any CPU
		{677339F7-EF0A-4286-8EBA-E7B444737923}.Release|Any CPU.ActiveCfg = Release|Any CPU
		{677339F7-EF0A-4286-8EBA-E7B444737923}.Release|Any CPU.Build.0 = Release|Any CPU
		{A1257C03-44F5-4592-BAD6-E7DB390DC4FE}.Debug|Any CPU.ActiveCfg = Debug|Any CPU
		{A1257C03-44F5-4592-BAD6-E7DB390DC4FE}.Debug|Any CPU.Build.0 = Debug|Any CPU
		{A1257C03-44F5-4592-BAD6-E7DB390DC4FE}.Release|Any CPU.ActiveCfg = Release|Any CPU
		{A1257C03-44F5-4592-BAD6-E7DB390DC4FE}.Release|Any CPU.Build.0 = Release|Any CPU
		{14A83095-C8AA-4363-8548-D988F8A65761}.Debug|Any CPU.ActiveCfg = Debug|Any CPU
		{14A83095-C8AA-4363-8548-D988F8A65761}.Debug|Any CPU.Build.0 = Debug|Any CPU
		{14A83095-C8AA-4363-8548-D988F8A65761}.Release|Any CPU.ActiveCfg = Release|Any CPU
		{14A83095-C8AA-4363-8548-D988F8A65761}.Release|Any CPU.Build.0 = Release|Any CPU
		{DEB10E72-B2AD-4537-8F2E-896E760DE022}.Debug|Any CPU.ActiveCfg = Debug|Any CPU
		{DEB10E72-B2AD-4537-8F2E-896E760DE022}.Debug|Any CPU.Build.0 = Debug|Any CPU
		{DEB10E72-B2AD-4537-8F2E-896E760DE022}.Release|Any CPU.ActiveCfg = Release|Any CPU
		{DEB10E72-B2AD-4537-8F2E-896E760DE022}.Release|Any CPU.Build.0 = Release|Any CPU
		{9E1969FB-ED2C-4C4A-B3F4-3B4947AAA649}.Debug|Any CPU.ActiveCfg = Debug|Any CPU
		{9E1969FB-ED2C-4C4A-B3F4-3B4947AAA649}.Debug|Any CPU.Build.0 = Debug|Any CPU
		{9E1969FB-ED2C-4C4A-B3F4-3B4947AAA649}.Release|Any CPU.ActiveCfg = Release|Any CPU
		{9E1969FB-ED2C-4C4A-B3F4-3B4947AAA649}.Release|Any CPU.Build.0 = Release|Any CPU
		{F609E09F-263A-4B9A-8164-07CB5AE5935E}.Debug|Any CPU.ActiveCfg = Debug|Any CPU
		{F609E09F-263A-4B9A-8164-07CB5AE5935E}.Debug|Any CPU.Build.0 = Debug|Any CPU
		{F609E09F-263A-4B9A-8164-07CB5AE5935E}.Release|Any CPU.ActiveCfg = Release|Any CPU
		{F609E09F-263A-4B9A-8164-07CB5AE5935E}.Release|Any CPU.Build.0 = Release|Any CPU
		{2751133C-CB80-4D26-911F-BA88ECE85D8B}.Debug|Any CPU.ActiveCfg = Debug|Any CPU
		{2751133C-CB80-4D26-911F-BA88ECE85D8B}.Debug|Any CPU.Build.0 = Debug|Any CPU
		{2751133C-CB80-4D26-911F-BA88ECE85D8B}.Release|Any CPU.ActiveCfg = Release|Any CPU
		{2751133C-CB80-4D26-911F-BA88ECE85D8B}.Release|Any CPU.Build.0 = Release|Any CPU
		{5682299E-6C80-47DA-80AC-DF7956150746}.Debug|Any CPU.ActiveCfg = Debug|Any CPU
		{5682299E-6C80-47DA-80AC-DF7956150746}.Debug|Any CPU.Build.0 = Debug|Any CPU
		{5682299E-6C80-47DA-80AC-DF7956150746}.Release|Any CPU.ActiveCfg = Release|Any CPU
		{5682299E-6C80-47DA-80AC-DF7956150746}.Release|Any CPU.Build.0 = Release|Any CPU
		{E5512199-592F-4617-BD79-2C20BA000835}.Debug|Any CPU.ActiveCfg = Debug|Any CPU
		{E5512199-592F-4617-BD79-2C20BA000835}.Debug|Any CPU.Build.0 = Debug|Any CPU
		{E5512199-592F-4617-BD79-2C20BA000835}.Release|Any CPU.ActiveCfg = Release|Any CPU
		{E5512199-592F-4617-BD79-2C20BA000835}.Release|Any CPU.Build.0 = Release|Any CPU
		{80AE0D2B-66C5-48BA-9507-29848D64FB55}.Debug|Any CPU.ActiveCfg = Debug|Any CPU
		{80AE0D2B-66C5-48BA-9507-29848D64FB55}.Debug|Any CPU.Build.0 = Debug|Any CPU
		{80AE0D2B-66C5-48BA-9507-29848D64FB55}.Release|Any CPU.ActiveCfg = Release|Any CPU
		{80AE0D2B-66C5-48BA-9507-29848D64FB55}.Release|Any CPU.Build.0 = Release|Any CPU
		{80DA2115-220B-48E8-845A-D962368B184D}.Debug|Any CPU.ActiveCfg = Debug|Any CPU
		{80DA2115-220B-48E8-845A-D962368B184D}.Debug|Any CPU.Build.0 = Debug|Any CPU
		{80DA2115-220B-48E8-845A-D962368B184D}.Release|Any CPU.ActiveCfg = Release|Any CPU
		{80DA2115-220B-48E8-845A-D962368B184D}.Release|Any CPU.Build.0 = Release|Any CPU
		{82628367-FE79-4A65-8189-7DD8C584BE12}.Debug|Any CPU.ActiveCfg = Debug|Any CPU
		{82628367-FE79-4A65-8189-7DD8C584BE12}.Debug|Any CPU.Build.0 = Debug|Any CPU
		{82628367-FE79-4A65-8189-7DD8C584BE12}.Release|Any CPU.ActiveCfg = Release|Any CPU
		{82628367-FE79-4A65-8189-7DD8C584BE12}.Release|Any CPU.Build.0 = Release|Any CPU
		{077F1ABA-5678-4D3A-B0D8-F28B3BABE6C4}.Debug|Any CPU.ActiveCfg = Debug|Any CPU
		{077F1ABA-5678-4D3A-B0D8-F28B3BABE6C4}.Debug|Any CPU.Build.0 = Debug|Any CPU
		{077F1ABA-5678-4D3A-B0D8-F28B3BABE6C4}.Release|Any CPU.ActiveCfg = Release|Any CPU
		{077F1ABA-5678-4D3A-B0D8-F28B3BABE6C4}.Release|Any CPU.Build.0 = Release|Any CPU
		{FF40A36C-0FD8-4D92-9A17-8A25FBC8B56A}.Debug|Any CPU.ActiveCfg = Debug|Any CPU
		{FF40A36C-0FD8-4D92-9A17-8A25FBC8B56A}.Debug|Any CPU.Build.0 = Debug|Any CPU
		{FF40A36C-0FD8-4D92-9A17-8A25FBC8B56A}.Release|Any CPU.ActiveCfg = Release|Any CPU
		{FF40A36C-0FD8-4D92-9A17-8A25FBC8B56A}.Release|Any CPU.Build.0 = Release|Any CPU
		{7BD1D150-9FB7-45A4-B905-E38E3B33E222}.Debug|Any CPU.ActiveCfg = Debug|Any CPU
		{7BD1D150-9FB7-45A4-B905-E38E3B33E222}.Debug|Any CPU.Build.0 = Debug|Any CPU
		{7BD1D150-9FB7-45A4-B905-E38E3B33E222}.Release|Any CPU.ActiveCfg = Release|Any CPU
		{7BD1D150-9FB7-45A4-B905-E38E3B33E222}.Release|Any CPU.Build.0 = Release|Any CPU
		{F91761E2-27EC-4B57-9163-12346F9DD884}.Debug|Any CPU.ActiveCfg = Debug|Any CPU
		{F91761E2-27EC-4B57-9163-12346F9DD884}.Debug|Any CPU.Build.0 = Debug|Any CPU
		{F91761E2-27EC-4B57-9163-12346F9DD884}.Release|Any CPU.ActiveCfg = Release|Any CPU
		{F91761E2-27EC-4B57-9163-12346F9DD884}.Release|Any CPU.Build.0 = Release|Any CPU
		{EB6B92E4-B6AD-4858-B02B-2637ED3A6A49}.Debug|Any CPU.ActiveCfg = Debug|Any CPU
		{EB6B92E4-B6AD-4858-B02B-2637ED3A6A49}.Debug|Any CPU.Build.0 = Debug|Any CPU
		{EB6B92E4-B6AD-4858-B02B-2637ED3A6A49}.Release|Any CPU.ActiveCfg = Release|Any CPU
		{EB6B92E4-B6AD-4858-B02B-2637ED3A6A49}.Release|Any CPU.Build.0 = Release|Any CPU
		{C37430CB-CD6F-48CF-A94A-CF3A5569F189}.Debug|Any CPU.ActiveCfg = Debug|Any CPU
		{C37430CB-CD6F-48CF-A94A-CF3A5569F189}.Debug|Any CPU.Build.0 = Debug|Any CPU
		{C37430CB-CD6F-48CF-A94A-CF3A5569F189}.Release|Any CPU.ActiveCfg = Release|Any CPU
		{C37430CB-CD6F-48CF-A94A-CF3A5569F189}.Release|Any CPU.Build.0 = Release|Any CPU
		{FF830005-6E21-4464-806C-11B0C8800E37}.Debug|Any CPU.ActiveCfg = Debug|Any CPU
		{FF830005-6E21-4464-806C-11B0C8800E37}.Debug|Any CPU.Build.0 = Debug|Any CPU
		{FF830005-6E21-4464-806C-11B0C8800E37}.Release|Any CPU.ActiveCfg = Release|Any CPU
		{FF830005-6E21-4464-806C-11B0C8800E37}.Release|Any CPU.Build.0 = Release|Any CPU
		{E1E2984C-2950-433E-A905-95DA3634443C}.Debug|Any CPU.ActiveCfg = Debug|Any CPU
		{E1E2984C-2950-433E-A905-95DA3634443C}.Debug|Any CPU.Build.0 = Debug|Any CPU
		{E1E2984C-2950-433E-A905-95DA3634443C}.Release|Any CPU.ActiveCfg = Release|Any CPU
		{E1E2984C-2950-433E-A905-95DA3634443C}.Release|Any CPU.Build.0 = Release|Any CPU
	EndGlobalSection
	GlobalSection(SolutionProperties) = preSolution
		HideSolutionNode = FALSE
	EndGlobalSection
	GlobalSection(NestedProjects) = preSolution
		{B3D54A55-4920-42D9-AA41-948D28970FDE} = {26F3F85F-7C9D-42E9-8D10-F3ADC469344B}
		{C1D69084-3F13-44E3-B3CC-21FEA7DE7FDC} = {26F3F85F-7C9D-42E9-8D10-F3ADC469344B}
		{025B0D7D-6940-4293-A932-C10D10B49066} = {26F3F85F-7C9D-42E9-8D10-F3ADC469344B}
		{F5497C22-81E4-46CA-9F1C-5DC26C147A8E} = {26F3F85F-7C9D-42E9-8D10-F3ADC469344B}
		{5C9B7EE8-A480-43DA-9B54-7F3AB8ABE324} = {26F3F85F-7C9D-42E9-8D10-F3ADC469344B}
		{1104C327-4A48-4CFC-8E43-D22D279552CE} = {26F3F85F-7C9D-42E9-8D10-F3ADC469344B}
		{34A3FAA0-5076-4B0D-BE28-0F9A90874A15} = {26F3F85F-7C9D-42E9-8D10-F3ADC469344B}
		{52D4D4BC-B46F-417E-BC20-184B8B61DBDF} = {D8BB9C90-BAF7-4072-ADB6-7EA21AEC860C}
		{4782E3FA-5FA6-4032-A1FA-B4AD26C0EC91} = {B92880E6-AD19-462E-9BAB-5C5027C806B8}
		{D74B5EE0-3AD1-4FC8-A7D0-FE8EE9E2C933} = {B92880E6-AD19-462E-9BAB-5C5027C806B8}
		{DCCFC657-B36F-48B8-9F0B-AD2B91CF3189} = {B92880E6-AD19-462E-9BAB-5C5027C806B8}
		{DA3634B6-85D5-4578-B77D-C03D8D6D1E21} = {272F8122-6EC5-4C5A-AB54-F067EA46819C}
		{BB91363D-6F82-4618-9C1A-CCF23936E983} = {272F8122-6EC5-4C5A-AB54-F067EA46819C}
		{9C7C63FD-F571-4D4D-8088-F3B6E778DF63} = {272F8122-6EC5-4C5A-AB54-F067EA46819C}
		{B4504605-716C-47B4-9172-46A797E4CFB5} = {272F8122-6EC5-4C5A-AB54-F067EA46819C}
		{0D22EB27-3324-4A4C-8096-9A5B2D8199E8} = {272F8122-6EC5-4C5A-AB54-F067EA46819C}
		{F9E5C600-54C7-4EC0-8535-B1F9E340D7A2} = {3D865805-B2DF-4ADE-9D28-12FF9C818AE5}
		{E46192E7-7FD6-407B-8234-BEF3FFC3CAB5} = {3D865805-B2DF-4ADE-9D28-12FF9C818AE5}
		{8C4C6634-370B-4C2D-B0E0-079206EE446A} = {3D865805-B2DF-4ADE-9D28-12FF9C818AE5}
		{2A4E111C-8458-4058-8475-BADF73F4A40E} = {3D865805-B2DF-4ADE-9D28-12FF9C818AE5}
		{D87337C3-9822-4628-85B7-BE39A5812EA6} = {3D865805-B2DF-4ADE-9D28-12FF9C818AE5}
		{753E247C-1CE9-49C4-8610-62D82132DEEF} = {3D865805-B2DF-4ADE-9D28-12FF9C818AE5}
		{D3F2F07D-91C3-46B1-98FB-162927FD813D} = {3D865805-B2DF-4ADE-9D28-12FF9C818AE5}
		{50995CA9-6AD2-4F6A-9B07-BB7503F082E6} = {3D865805-B2DF-4ADE-9D28-12FF9C818AE5}
		{B1774C87-0728-4B80-B665-94167DEC50FC} = {3D865805-B2DF-4ADE-9D28-12FF9C818AE5}
		{68BDC045-7AC9-43BE-BF74-112DC98560B6} = {3D865805-B2DF-4ADE-9D28-12FF9C818AE5}
		{249F223A-F9E9-40DE-B54C-5A00A8B3AAC6} = {3D865805-B2DF-4ADE-9D28-12FF9C818AE5}
		{1CE16158-1AD7-45C7-9B3A-763230582879} = {8D06B93D-F9D2-4C5A-87B9-86ADFE1936EA}
		{1605B5AE-67C7-446C-91B2-00DD7476F73A} = {8D06B93D-F9D2-4C5A-87B9-86ADFE1936EA}
		{0F831A09-72CC-4BCA-8164-BD1151FEAC0A} = {8D06B93D-F9D2-4C5A-87B9-86ADFE1936EA}
		{45210DCB-E3FE-4059-AD82-5C1352C3B465} = {C56036C8-E141-47F2-9DE5-544C7DF98706}
		{EDB2C794-81A9-4D01-AC47-03866BC25839} = {C56036C8-E141-47F2-9DE5-544C7DF98706}
		{79336C29-C305-49D0-B1F3-459DC72BF286} = {64A21895-8A06-4633-AA5F-73B2734F9FBC}
		{BE6FB676-5A74-41C8-90BD-BC9677CEBB95} = {64A21895-8A06-4633-AA5F-73B2734F9FBC}
		{8ADFC7CD-13D7-4A3D-8F15-787AAEA81AE8} = {64A21895-8A06-4633-AA5F-73B2734F9FBC}
		{B85DC92F-5ED2-4585-B23E-AF7F6FE89FEA} = {64A21895-8A06-4633-AA5F-73B2734F9FBC}
		{677339F7-EF0A-4286-8EBA-E7B444737923} = {64A21895-8A06-4633-AA5F-73B2734F9FBC}
		{A1257C03-44F5-4592-BAD6-E7DB390DC4FE} = {DB5479B4-B507-40FB-9A97-0FC0EFDEA597}
		{14A83095-C8AA-4363-8548-D988F8A65761} = {DB5479B4-B507-40FB-9A97-0FC0EFDEA597}
		{DEB10E72-B2AD-4537-8F2E-896E760DE022} = {DB5479B4-B507-40FB-9A97-0FC0EFDEA597}
		{9E1969FB-ED2C-4C4A-B3F4-3B4947AAA649} = {DB5479B4-B507-40FB-9A97-0FC0EFDEA597}
		{F609E09F-263A-4B9A-8164-07CB5AE5935E} = {DB5479B4-B507-40FB-9A97-0FC0EFDEA597}
		{2751133C-CB80-4D26-911F-BA88ECE85D8B} = {39A654D6-3767-4F88-A223-BD8917E700DC}
		{5682299E-6C80-47DA-80AC-DF7956150746} = {39A654D6-3767-4F88-A223-BD8917E700DC}
		{E5512199-592F-4617-BD79-2C20BA000835} = {39A654D6-3767-4F88-A223-BD8917E700DC}
		{80AE0D2B-66C5-48BA-9507-29848D64FB55} = {39A654D6-3767-4F88-A223-BD8917E700DC}
		{80DA2115-220B-48E8-845A-D962368B184D} = {51801FED-99B1-401F-BFC9-F9C8CD7186FE}
		{82628367-FE79-4A65-8189-7DD8C584BE12} = {51801FED-99B1-401F-BFC9-F9C8CD7186FE}
		{077F1ABA-5678-4D3A-B0D8-F28B3BABE6C4} = {51801FED-99B1-401F-BFC9-F9C8CD7186FE}
		{FF40A36C-0FD8-4D92-9A17-8A25FBC8B56A} = {51801FED-99B1-401F-BFC9-F9C8CD7186FE}
		{7BD1D150-9FB7-45A4-B905-E38E3B33E222} = {51801FED-99B1-401F-BFC9-F9C8CD7186FE}
		{F91761E2-27EC-4B57-9163-12346F9DD884} = {51801FED-99B1-401F-BFC9-F9C8CD7186FE}
		{EB6B92E4-B6AD-4858-B02B-2637ED3A6A49} = {EA1E255D-3BAF-4C33-BCE6-54D489D0AF1E}
		{C37430CB-CD6F-48CF-A94A-CF3A5569F189} = {EA1E255D-3BAF-4C33-BCE6-54D489D0AF1E}
		{FF830005-6E21-4464-806C-11B0C8800E37} = {EA1E255D-3BAF-4C33-BCE6-54D489D0AF1E}
		{E1E2984C-2950-433E-A905-95DA3634443C} = {7BC9880E-FBAE-4EC2-BA75-AE8761BE4A35}
	EndGlobalSection
	GlobalSection(ExtensibilityGlobals) = postSolution
		SolutionGuid = {3C0A13BC-9FA6-49A1-A515-5CF20DFC86DB}
	EndGlobalSection
EndGlobal
