
Microsoft Visual Studio Solution File, Format Version 12.00
# Visual Studio Version 16
VisualStudioVersion = 16.0.30225.117
MinimumVisualStudioVersion = 10.0.40219.1
Project("{FAE04EC0-301F-11D3-BF4B-00C04F79EFBC}") = "HelloApp", "HelloApp\HelloApp.csproj", "{B3D54A55-4920-42D9-AA41-948D28970FDE}"
EndProject
Global
	GlobalSection(SolutionConfigurationPlatforms) = preSolution
		Debug|Any CPU = Debug|Any CPU
		Release|Any CPU = Release|Any CPU
	EndGlobalSection
	GlobalSection(ProjectConfigurationPlatforms) = postSolution
		{B3D54A55-4920-42D9-AA41-948D28970FDE}.Debug|Any CPU.ActiveCfg = Debug|Any CPU
		{B3D54A55-4920-42D9-AA41-948D28970FDE}.Debug|Any CPU.Build.0 = Debug|Any CPU
		{B3D54A55-4920-42D9-AA41-948D28970FDE}.Release|Any CPU.ActiveCfg = Release|Any CPU
		{B3D54A55-4920-42D9-AA41-948D28970FDE}.Release|Any CPU.Build.0 = Release|Any CPU
	EndGlobalSection
	GlobalSection(SolutionProperties) = preSolution
		HideSolutionNode = FALSE
	EndGlobalSection
	GlobalSection(ExtensibilityGlobals) = postSolution
		SolutionGuid = {3C0A13BC-9FA6-49A1-A515-5CF20DFC86DB}
	EndGlobalSection
EndGlobal
